# This file is generated by running "yarn install" inside your project.
# Manual changes might be lost - proceed with caution!

__metadata:
  version: 6
  cacheKey: 8

"backend@workspace:.":
  version: 0.0.0-use.local
  resolution: "backend@workspace:."
  dependencies:
    solc: ^0.8.15
  languageName: unknown
  linkType: soft

"command-exists@npm:^1.2.8":
  version: 1.2.9
  resolution: "command-exists@npm:1.2.9"
  checksum: 729ae3d88a2058c93c58840f30341b7f82688a573019535d198b57a4d8cb0135ced0ad7f52b591e5b28a90feb2c675080ce916e56254a0f7c15cb2395277cac3
  languageName: node
  linkType: hard

"commander@npm:^8.1.0":
  version: 8.3.0
  resolution: "commander@npm:8.3.0"
  checksum: 0f82321821fc27b83bd409510bb9deeebcfa799ff0bf5d102128b500b7af22872c0c92cb6a0ebc5a4cf19c6b550fba9cedfa7329d18c6442a625f851377bacf0
  languageName: node
  linkType: hard

"follow-redirects@npm:^1.12.1":
  version: 1.15.1
  resolution: "follow-redirects@npm:1.15.1"
  peerDependenciesMeta:
    debug:
      optional: true
  checksum: 6aa4e3e3cdfa3b9314801a1cd192ba756a53479d9d8cca65bf4db3a3e8834e62139245cd2f9566147c8dfe2efff1700d3e6aefd103de4004a7b99985e71dd533
  languageName: node
  linkType: hard

"js-sha3@npm:0.8.0":
  version: 0.8.0
  resolution: "js-sha3@npm:0.8.0"
  checksum: 75df77c1fc266973f06cce8309ce010e9e9f07ec35ab12022ed29b7f0d9c8757f5a73e1b35aa24840dced0dea7059085aa143d817aea9e188e2a80d569d9adce
  languageName: node
  linkType: hard

"memorystream@npm:^0.3.1":
  version: 0.3.1
  resolution: "memorystream@npm:0.3.1"
  checksum: f18b42440d24d09516d01466c06adf797df7873f0d40aa7db02e5fb9ed83074e5e65412d0720901d7069363465f82dc4f8bcb44f0cde271567a61426ce6ca2e9
  languageName: node
  linkType: hard

"os-tmpdir@npm:~1.0.2":
  version: 1.0.2
  resolution: "os-tmpdir@npm:1.0.2"
  checksum: 5666560f7b9f10182548bf7013883265be33620b1c1b4a4d405c25be2636f970c5488ff3e6c48de75b55d02bde037249fe5dbfbb4c0fb7714953d56aed062e6d
  languageName: node
  linkType: hard

"semver@npm:^5.5.0":
  version: 5.7.1
  resolution: "semver@npm:5.7.1"
  bin:
    semver: ./bin/semver
  checksum: 57fd0acfd0bac382ee87cd52cd0aaa5af086a7dc8d60379dfe65fea491fb2489b6016400813930ecd61fd0952dae75c115287a1b16c234b1550887117744dfaf
  languageName: node
  linkType: hard

"solc@npm:^0.8.15":
  version: 0.8.15
  resolution: "solc@npm:0.8.15"
  dependencies:
    command-exists: ^1.2.8
    commander: ^8.1.0
    follow-redirects: ^1.12.1
    js-sha3: 0.8.0
    memorystream: ^0.3.1
    semver: ^5.5.0
    tmp: 0.0.33
  bin:
    solcjs: solc.js
  checksum: a11de198bc5d481485a4a4803fb08a81a56dd9ffa7cdc62f8d6d5fc669f72e7cb4b22789004d54481353463421f6e6e3d1dffe7365b6d0ed5f37baee303266db
  languageName: node
  linkType: hard

"tmp@npm:0.0.33":
  version: 0.0.33
  resolution: "tmp@npm:0.0.33"
  dependencies:
    os-tmpdir: ~1.0.2
  checksum: 902d7aceb74453ea02abbf58c203f4a8fc1cead89b60b31e354f74ed5b3fb09ea817f94fb310f884a5d16987dd9fa5a735412a7c2dd088dd3d415aa819ae3a28
  languageName: node
  linkType: hard
